// !$*UTF8*$!
{
	archiveVersion = 1;
	classes = {
	};
	objectVersion = 46;
	objects = {

/* Begin PBXBuildFile section */
		9292A8A31BDFFD03005CDE76 /* FaceRecognizeController.swift in Sources */ = {isa = PBXBuildFile; fileRef = 9292A8A11BDFFD03005CDE76 /* FaceRecognizeController.swift */; };
		9292A8AB1BDFFD10005CDE76 /* Assets.xcassets in Resources */ = {isa = PBXBuildFile; fileRef = 9292A8A51BDFFD10005CDE76 /* Assets.xcassets */; };
		9292A8AC1BDFFD10005CDE76 /* LaunchScreen.storyboard in Resources */ = {isa = PBXBuildFile; fileRef = 9292A8A61BDFFD10005CDE76 /* LaunchScreen.storyboard */; };
		9292A8AD1BDFFD10005CDE76 /* Main.storyboard in Resources */ = {isa = PBXBuildFile; fileRef = 9292A8A81BDFFD10005CDE76 /* Main.storyboard */; };
		9292A8AE1BDFFD10005CDE76 /* Info.plist in Resources */ = {isa = PBXBuildFile; fileRef = 9292A8AA1BDFFD10005CDE76 /* Info.plist */; };
		9292A8B11BDFFD37005CDE76 /* AppDelegate.swift in Sources */ = {isa = PBXBuildFile; fileRef = 9292A8B01BDFFD37005CDE76 /* AppDelegate.swift */; };
		9292A8B41BE018B1005CDE76 /* UIImageView.swift in Sources */ = {isa = PBXBuildFile; fileRef = 9292A8B31BE018B1005CDE76 /* UIImageView.swift */; };
		92D9660C1BE1993200F4A669 /* CGRect.swift in Sources */ = {isa = PBXBuildFile; fileRef = 92D9660B1BE1993200F4A669 /* CGRect.swift */; };
		92D9660F1BE2243300F4A669 /* GeometryHelper.swift in Sources */ = {isa = PBXBuildFile; fileRef = 92D9660E1BE2243300F4A669 /* GeometryHelper.swift */; };
		92D966111BE22C1E00F4A669 /* CGpoint.swift in Sources */ = {isa = PBXBuildFile; fileRef = 92D966101BE22C1E00F4A669 /* CGpoint.swift */; };
		92D966131BE2C91800F4A669 /* FaceMarker.swift in Sources */ = {isa = PBXBuildFile; fileRef = 92D966121BE2C91800F4A669 /* FaceMarker.swift */; };
		92D966151BE2CB9100F4A669 /* FaceRecognizer.swift in Sources */ = {isa = PBXBuildFile; fileRef = 92D966141BE2CB9100F4A669 /* FaceRecognizer.swift */; };
/* End PBXBuildFile section */

/* Begin PBXFileReference section */
		9292A88A1BDFFCAC005CDE76 /* FaceFeaturesDetector.app */ = {isa = PBXFileReference; explicitFileType = wrapper.application; includeInIndex = 0; path = FaceFeaturesDetector.app; sourceTree = BUILT_PRODUCTS_DIR; };
		9292A8A11BDFFD03005CDE76 /* FaceRecognizeController.swift */ = {isa = PBXFileReference; fileEncoding = 4; lastKnownFileType = sourcecode.swift; path = FaceRecognizeController.swift; sourceTree = "<group>"; };
		9292A8A51BDFFD10005CDE76 /* Assets.xcassets */ = {isa = PBXFileReference; lastKnownFileType = folder.assetcatalog; path = Assets.xcassets; sourceTree = "<group>"; };
		9292A8A71BDFFD10005CDE76 /* Base */ = {isa = PBXFileReference; lastKnownFileType = file.storyboard; name = Base; path = Base.lproj/LaunchScreen.storyboard; sourceTree = "<group>"; };
		9292A8A91BDFFD10005CDE76 /* Base */ = {isa = PBXFileReference; lastKnownFileType = file.storyboard; name = Base; path = Base.lproj/Main.storyboard; sourceTree = "<group>"; };
		9292A8AA1BDFFD10005CDE76 /* Info.plist */ = {isa = PBXFileReference; fileEncoding = 4; lastKnownFileType = text.plist.xml; path = Info.plist; sourceTree = "<group>"; };
		9292A8B01BDFFD37005CDE76 /* AppDelegate.swift */ = {isa = PBXFileReference; fileEncoding = 4; lastKnownFileType = sourcecode.swift; path = AppDelegate.swift; sourceTree = "<group>"; };
		9292A8B31BE018B1005CDE76 /* UIImageView.swift */ = {isa = PBXFileReference; fileEncoding = 4; lastKnownFileType = sourcecode.swift; path = UIImageView.swift; sourceTree = "<group>"; };
		92D9660B1BE1993200F4A669 /* CGRect.swift */ = {isa = PBXFileReference; fileEncoding = 4; lastKnownFileType = sourcecode.swift; path = CGRect.swift; sourceTree = "<group>"; };
		92D9660E1BE2243300F4A669 /* GeometryHelper.swift */ = {isa = PBXFileReference; fileEncoding = 4; lastKnownFileType = sourcecode.swift; path = GeometryHelper.swift; sourceTree = "<group>"; };
		92D966101BE22C1E00F4A669 /* CGpoint.swift */ = {isa = PBXFileReference; fileEncoding = 4; lastKnownFileType = sourcecode.swift; path = CGpoint.swift; sourceTree = "<group>"; };
		92D966121BE2C91800F4A669 /* FaceMarker.swift */ = {isa = PBXFileReference; fileEncoding = 4; lastKnownFileType = sourcecode.swift; path = FaceMarker.swift; sourceTree = "<group>"; };
		92D966141BE2CB9100F4A669 /* FaceRecognizer.swift */ = {isa = PBXFileReference; fileEncoding = 4; lastKnownFileType = sourcecode.swift; path = FaceRecognizer.swift; sourceTree = "<group>"; };
/* End PBXFileReference section */

/* Begin PBXFrameworksBuildPhase section */
		9292A8871BDFFCAC005CDE76 /* Frameworks */ = {
			isa = PBXFrameworksBuildPhase;
			buildActionMask = 2147483647;
			files = (
			);
			runOnlyForDeploymentPostprocessing = 0;
		};
/* End PBXFrameworksBuildPhase section */

/* Begin PBXGroup section */
		9292A8811BDFFCAC005CDE76 = {
			isa = PBXGroup;
			children = (
				9292A88C1BDFFCAC005CDE76 /* FaceFeaturesDetector */,
				9292A88B1BDFFCAC005CDE76 /* Products */,
			);
			sourceTree = "<group>";
		};
		9292A88B1BDFFCAC005CDE76 /* Products */ = {
			isa = PBXGroup;
			children = (
				9292A88A1BDFFCAC005CDE76 /* FaceFeaturesDetector.app */,
			);
			name = Products;
			sourceTree = "<group>";
		};
		9292A88C1BDFFCAC005CDE76 /* FaceFeaturesDetector */ = {
			isa = PBXGroup;
			children = (
				9292A8A41BDFFD10005CDE76 /* Resources */,
				9292A89F1BDFFD03005CDE76 /* Classes */,
			);
			path = FaceFeaturesDetector;
			sourceTree = "<group>";
		};
		9292A89F1BDFFD03005CDE76 /* Classes */ = {
			isa = PBXGroup;
			children = (
				9292A8B21BE01850005CDE76 /* Extensions */,
				9292A8AF1BDFFD37005CDE76 /* Core */,
				9292A8A11BDFFD03005CDE76 /* FaceRecognizeController.swift */,
			);
			path = Classes;
			sourceTree = "<group>";
		};
		9292A8A41BDFFD10005CDE76 /* Resources */ = {
			isa = PBXGroup;
			children = (
				9292A8A51BDFFD10005CDE76 /* Assets.xcassets */,
				9292A8A61BDFFD10005CDE76 /* LaunchScreen.storyboard */,
				9292A8A81BDFFD10005CDE76 /* Main.storyboard */,
				9292A8AA1BDFFD10005CDE76 /* Info.plist */,
			);
			path = Resources;
			sourceTree = "<group>";
		};
		9292A8AF1BDFFD37005CDE76 /* Core */ = {
			isa = PBXGroup;
			children = (
				92D9660D1BE2239D00F4A669 /* Utilities */,
				9292A8B01BDFFD37005CDE76 /* AppDelegate.swift */,
				92D966121BE2C91800F4A669 /* FaceMarker.swift */,
				92D966141BE2CB9100F4A669 /* FaceRecognizer.swift */,
			);
			path = Core;
			sourceTree = "<group>";
		};
		9292A8B21BE01850005CDE76 /* Extensions */ = {
			isa = PBXGroup;
			children = (
				9292A8B31BE018B1005CDE76 /* UIImageView.swift */,
				92D9660B1BE1993200F4A669 /* CGRect.swift */,
				92D966101BE22C1E00F4A669 /* CGpoint.swift */,
			);
			path = Extensions;
			sourceTree = "<group>";
		};
		92D9660D1BE2239D00F4A669 /* Utilities */ = {
			isa = PBXGroup;
			children = (
				92D9660E1BE2243300F4A669 /* GeometryHelper.swift */,
			);
			path = Utilities;
			sourceTree = "<group>";
		};
/* End PBXGroup section */

/* Begin PBXNativeTarget section */
		9292A8891BDFFCAC005CDE76 /* FaceFeaturesDetector */ = {
			isa = PBXNativeTarget;
			buildConfigurationList = 9292A89C1BDFFCAC005CDE76 /* Build configuration list for PBXNativeTarget "FaceFeaturesDetector" */;
			buildPhases = (
				9292A8861BDFFCAC005CDE76 /* Sources */,
				9292A8871BDFFCAC005CDE76 /* Frameworks */,
				9292A8881BDFFCAC005CDE76 /* Resources */,
			);
			buildRules = (
			);
			dependencies = (
			);
			name = FaceFeaturesDetector;
			productName = FaceFeaturesDetector;
			productReference = 9292A88A1BDFFCAC005CDE76 /* FaceFeaturesDetector.app */;
			productType = "com.apple.product-type.application";
		};
/* End PBXNativeTarget section */

/* Begin PBXProject section */
		9292A8821BDFFCAC005CDE76 /* Project object */ = {
			isa = PBXProject;
			attributes = {
				LastSwiftUpdateCheck = 0710;
				LastUpgradeCheck = 0710;
				ORGANIZATIONNAME = "Stas Kirichok";
				TargetAttributes = {
					9292A8891BDFFCAC005CDE76 = {
						CreatedOnToolsVersion = 7.1;
					};
				};
			};
			buildConfigurationList = 9292A8851BDFFCAC005CDE76 /* Build configuration list for PBXProject "FaceFeaturesDetector" */;
			compatibilityVersion = "Xcode 3.2";
			developmentRegion = English;
			hasScannedForEncodings = 0;
			knownRegions = (
				en,
				Base,
			);
			mainGroup = 9292A8811BDFFCAC005CDE76;
			productRefGroup = 9292A88B1BDFFCAC005CDE76 /* Products */;
			projectDirPath = "";
			projectRoot = "";
			targets = (
				9292A8891BDFFCAC005CDE76 /* FaceFeaturesDetector */,
			);
		};
/* End PBXProject section */

/* Begin PBXResourcesBuildPhase section */
		9292A8881BDFFCAC005CDE76 /* Resources */ = {
			isa = PBXResourcesBuildPhase;
			buildActionMask = 2147483647;
			files = (
				9292A8AB1BDFFD10005CDE76 /* Assets.xcassets in Resources */,
				9292A8AD1BDFFD10005CDE76 /* Main.storyboard in Resources */,
				9292A8AC1BDFFD10005CDE76 /* LaunchScreen.storyboard in Resources */,
				9292A8AE1BDFFD10005CDE76 /* Info.plist in Resources */,
			);
			runOnlyForDeploymentPostprocessing = 0;
		};
/* End PBXResourcesBuildPhase section */

/* Begin PBXSourcesBuildPhase section */
		9292A8861BDFFCAC005CDE76 /* Sources */ = {
			isa = PBXSourcesBuildPhase;
			buildActionMask = 2147483647;
			files = (
				92D966111BE22C1E00F4A669 /* CGpoint.swift in Sources */,
				92D9660F1BE2243300F4A669 /* GeometryHelper.swift in Sources */,
				9292A8B11BDFFD37005CDE76 /* AppDelegate.swift in Sources */,
				9292A8B41BE018B1005CDE76 /* UIImageView.swift in Sources */,
				92D966131BE2C91800F4A669 /* FaceMarker.swift in Sources */,
				9292A8A31BDFFD03005CDE76 /* FaceRecognizeController.swift in Sources */,
				92D966151BE2CB9100F4A669 /* FaceRecognizer.swift in Sources */,
				92D9660C1BE1993200F4A669 /* CGRect.swift in Sources */,
			);
			runOnlyForDeploymentPostprocessing = 0;
		};
/* End PBXSourcesBuildPhase section */

/* Begin PBXVariantGroup section */
		9292A8A61BDFFD10005CDE76 /* LaunchScreen.storyboard */ = {
			isa = PBXVariantGroup;
			children = (
				9292A8A71BDFFD10005CDE76 /* Base */,
			);
			name = LaunchScreen.storyboard;
			sourceTree = "<group>";
		};
		9292A8A81BDFFD10005CDE76 /* Main.storyboard */ = {
			isa = PBXVariantGroup;
			children = (
				9292A8A91BDFFD10005CDE76 /* Base */,
			);
			name = Main.storyboard;
			sourceTree = "<group>";
		};
/* End PBXVariantGroup section */

/* Begin XCBuildConfiguration section */
		9292A89A1BDFFCAC005CDE76 /* Debug */ = {
			isa = XCBuildConfiguration;
			buildSettings = {
				ALWAYS_SEARCH_USER_PATHS = NO;
				CLANG_CXX_LANGUAGE_STANDARD = "gnu++0x";
				CLANG_CXX_LIBRARY = "libc++";
				CLANG_ENABLE_MODULES = YES;
				CLANG_ENABLE_OBJC_ARC = YES;
				CLANG_WARN_BOOL_CONVERSION = YES;
				CLANG_WARN_CONSTANT_CONVERSION = YES;
				CLANG_WARN_DIRECT_OBJC_ISA_USAGE = YES_ERROR;
				CLANG_WARN_EMPTY_BODY = YES;
				CLANG_WARN_ENUM_CONVERSION = YES;
				CLANG_WARN_INT_CONVERSION = YES;
				CLANG_WARN_OBJC_ROOT_CLASS = YES_ERROR;
				CLANG_WARN_UNREACHABLE_CODE = YES;
				CLANG_WARN__DUPLICATE_METHOD_MATCH = YES;
				"CODE_SIGN_IDENTITY[sdk=iphoneos*]" = "iPhone Developer";
				COPY_PHASE_STRIP = NO;
				DEBUG_INFORMATION_FORMAT = dwarf;
				ENABLE_STRICT_OBJC_MSGSEND = YES;
				ENABLE_TESTABILITY = YES;
				GCC_C_LANGUAGE_STANDARD = gnu99;
				GCC_DYNAMIC_NO_PIC = NO;
				GCC_NO_COMMON_BLOCKS = YES;
				GCC_OPTIMIZATION_LEVEL = 0;
				GCC_PREPROCESSOR_DEFINITIONS = (
					"DEBUG=1",
					"$(inherited)",
				);
				GCC_WARN_64_TO_32_BIT_CONVERSION = YES;
				GCC_WARN_ABOUT_RETURN_TYPE = YES_ERROR;
				GCC_WARN_UNDECLARED_SELECTOR = YES;
				GCC_WARN_UNINITIALIZED_AUTOS = YES_AGGRESSIVE;
				GCC_WARN_UNUSED_FUNCTION = YES;
				GCC_WARN_UNUSED_VARIABLE = YES;
				IPHONEOS_DEPLOYMENT_TARGET = 9.1;
				MTL_ENABLE_DEBUG_INFO = YES;
				ONLY_ACTIVE_ARCH = YES;
				SDKROOT = iphoneos;
				SWIFT_OPTIMIZATION_LEVEL = "-Onone";
				TARGETED_DEVICE_FAMILY = "1,2";
			};
			name = Debug;
		};
		9292A89B1BDFFCAC005CDE76 /* Release */ = {
			isa = XCBuildConfiguration;
			buildSettings = {
				ALWAYS_SEARCH_USER_PATHS = NO;
				CLANG_CXX_LANGUAGE_STANDARD = "gnu++0x";
				CLANG_CXX_LIBRARY = "libc++";
				CLANG_ENABLE_MODULES = YES;
				CLANG_ENABLE_OBJC_ARC = YES;
				CLANG_WARN_BOOL_CONVERSION = YES;
				CLANG_WARN_CONSTANT_CONVERSION = YES;
				CLANG_WARN_DIRECT_OBJC_ISA_USAGE = YES_ERROR;
				CLANG_WARN_EMPTY_BODY = YES;
				CLANG_WARN_ENUM_CONVERSION = YES;
				CLANG_WARN_INT_CONVERSION = YES;
				CLANG_WARN_OBJC_ROOT_CLASS = YES_ERROR;
				CLANG_WARN_UNREACHABLE_CODE = YES;
				CLANG_WARN__DUPLICATE_METHOD_MATCH = YES;
				"CODE_SIGN_IDENTITY[sdk=iphoneos*]" = "iPhone Developer";
				COPY_PHASE_STRIP = NO;
				DEBUG_INFORMATION_FORMAT = "dwarf-with-dsym";
				ENABLE_NS_ASSERTIONS = NO;
				ENABLE_STRICT_OBJC_MSGSEND = YES;
				GCC_C_LANGUAGE_STANDARD = gnu99;
				GCC_NO_COMMON_BLOCKS = YES;
				GCC_WARN_64_TO_32_BIT_CONVERSION = YES;
				GCC_WARN_ABOUT_RETURN_TYPE = YES_ERROR;
				GCC_WARN_UNDECLARED_SELECTOR = YES;
				GCC_WARN_UNINITIALIZED_AUTOS = YES_AGGRESSIVE;
				GCC_WARN_UNUSED_FUNCTION = YES;
				GCC_WARN_UNUSED_VARIABLE = YES;
				IPHONEOS_DEPLOYMENT_TARGET = 9.1;
				MTL_ENABLE_DEBUG_INFO = NO;
				SDKROOT = iphoneos;
				TARGETED_DEVICE_FAMILY = "1,2";
				VALIDATE_PRODUCT = YES;
			};
			name = Release;
		};
		9292A89D1BDFFCAC005CDE76 /* Debug */ = {
			isa = XCBuildConfiguration;
			buildSettings = {
				ASSETCATALOG_COMPILER_APPICON_NAME = AppIcon;
				INFOPLIST_FILE = "$(SRCROOT)/FaceFeaturesDetector/Resources/Info.plist";
				LD_RUNPATH_SEARCH_PATHS = "$(inherited) @executable_path/Frameworks";
				PRODUCT_BUNDLE_IDENTIFIER = yalantis.FaceFeaturesDetector;
				PRODUCT_NAME = "$(TARGET_NAME)";
			};
			name = Debug;
		};
		9292A89E1BDFFCAC005CDE76 /* Release */ = {
			isa = XCBuildConfiguration;
			buildSettings = {
				ASSETCATALOG_COMPILER_APPICON_NAME = AppIcon;
				INFOPLIST_FILE = "$(SRCROOT)/FaceFeaturesDetector/Resources/Info.plist";
				LD_RUNPATH_SEARCH_PATHS = "$(inherited) @executable_path/Frameworks";
				PRODUCT_BUNDLE_IDENTIFIER = yalantis.FaceFeaturesDetector;
				PRODUCT_NAME = "$(TARGET_NAME)";
			};
			name = Release;
		};
/* End XCBuildConfiguration section */

/* Begin XCConfigurationList section */
		9292A8851BDFFCAC005CDE76 /* Build configuration list for PBXProject "FaceFeaturesDetector" */ = {
			isa = XCConfigurationList;
			buildConfigurations = (
				9292A89A1BDFFCAC005CDE76 /* Debug */,
				9292A89B1BDFFCAC005CDE76 /* Release */,
			);
			defaultConfigurationIsVisible = 0;
			defaultConfigurationName = Release;
		};
		9292A89C1BDFFCAC005CDE76 /* Build configuration list for PBXNativeTarget "FaceFeaturesDetector" */ = {
			isa = XCConfigurationList;
			buildConfigurations = (
				9292A89D1BDFFCAC005CDE76 /* Debug */,
				9292A89E1BDFFCAC005CDE76 /* Release */,
			);
			defaultConfigurationIsVisible = 0;
			defaultConfigurationName = Release;
		};
/* End XCConfigurationList section */
	};
	rootObject = 9292A8821BDFFCAC005CDE76 /* Project object */;
}
